<?xml version="1.0" encoding="utf-8"?>
<Project ToolsVersion="4.0" xmlns="http://schemas.microsoft.com/developer/msbuild/2003">
  <ItemGroup>
    <Filter Include="Form Files">
      <UniqueIdentifier>{99349809-55BA-4b9d-BF79-8FDBB0286EB3}</UniqueIdentifier>
      <Extensions>ui</Extensions>
      <ParseFiles>false</ParseFiles>
    </Filter>
    <Filter Include="Form Files">
      <UniqueIdentifier>{99349809-55BA-4b9d-BF79-8FDBB0286EB3}</UniqueIdentifier>
      <Extensions>ui</Extensions>
      <ParseFiles>false</ParseFiles>
    </Filter>
    <Filter Include="Generated Files">
      <UniqueIdentifier>{71ED8ED8-ACB9-4CE9-BBE1-E00B30144E11}</UniqueIdentifier>
      <Extensions>cpp;c;cxx;moc;h;def;odl;idl;res;</Extensions>
    </Filter>
    <Filter Include="Generated Files">
      <UniqueIdentifier>{71ED8ED8-ACB9-4CE9-BBE1-E00B30144E11}</UniqueIdentifier>
      <Extensions>cpp;c;cxx;moc;h;def;odl;idl;res;</Extensions>
    </Filter>
    <Filter Include="Header Files">
      <UniqueIdentifier>{93995380-89BD-4b04-88EB-625FBE52EBFB}</UniqueIdentifier>
      <Extensions>h;hpp;hxx;hm;inl;inc;xsd</Extensions>
    </Filter>
    <Filter Include="Header Files">
      <UniqueIdentifier>{93995380-89BD-4b04-88EB-625FBE52EBFB}</UniqueIdentifier>
      <Extensions>h;hpp;hxx;hm;inl;inc;xsd</Extensions>
    </Filter>
    <Filter Include="Resource Files">
      <UniqueIdentifier>{D9D6E242-F8AF-46E4-B9FD-80ECBC20BA3E}</UniqueIdentifier>
      <Extensions>qrc;*</Extensions>
      <ParseFiles>false</ParseFiles>
    </Filter>
    <Filter Include="Resource Files">
      <UniqueIdentifier>{D9D6E242-F8AF-46E4-B9FD-80ECBC20BA3E}</UniqueIdentifier>
      <Extensions>qrc;*</Extensions>
      <ParseFiles>false</ParseFiles>
    </Filter>
    <Filter Include="Source Files">
      <UniqueIdentifier>{4FC737F1-C7A5-4376-A066-2A32D752A2FF}</UniqueIdentifier>
      <Extensions>cpp;c;cxx;def;odl;idl;hpj;bat;asm;asmx</Extensions>
    </Filter>
    <Filter Include="Source Files">
      <UniqueIdentifier>{4FC737F1-C7A5-4376-A066-2A32D752A2FF}</UniqueIdentifier>
      <Extensions>cpp;c;cxx;def;odl;idl;hpj;bat;asm;asmx</Extensions>
    </Filter>
    <Filter Include="Generated Files\Release">
      <UniqueIdentifier>{dda25de3-1f67-4e4d-a51f-9ca0d667198d}</UniqueIdentifier>
      <Extensions>cpp;moc</Extensions>
      <SourceControlFiles>False</SourceControlFiles>
    </Filter>
    <Filter Include="Generated Files\Debug">
      <UniqueIdentifier>{e4641d66-04c7-4c71-8717-78739b9398b6}</UniqueIdentifier>
      <Extensions>cpp;moc</Extensions>
      <SourceControlFiles>False</SourceControlFiles>
    </Filter>
  </ItemGroup>
  <ItemGroup>
    <ClCompile Include="getProfiles\DllLoader.cpp">
      <Filter>Source Files</Filter>
    </ClCompile>
    <ClCompile Include="getProfiles\InterfaceLLT_2.cpp">
      <Filter>Source Files</Filter>
    </ClCompile>
    <ClCompile Include="glwidget.cpp">
      <Filter>Source Files</Filter>
    </ClCompile>
    <ClCompile Include="halconclass.cpp">
      <Filter>Source Files</Filter>
    </ClCompile>
    <ClCompile Include="main.cpp">
      <Filter>Source Files</Filter>
    </ClCompile>
    <ClCompile Include="mainwindow.cpp">
      <Filter>Source Files</Filter>
    </ClCompile>
    <ClCompile Include="msghandlerwapper.cpp">
      <Filter>Source Files</Filter>
    </ClCompile>
    <ClCompile Include="plot.cpp">
      <Filter>Source Files</Filter>
    </ClCompile>
    <ClCompile Include="pointanalyze.cpp">
      <Filter>Source Files</Filter>
    </ClCompile>
    <ClCompile Include="profileget.cpp">
      <Filter>Source Files</Filter>
    </ClCompile>
    <ClCompile Include="record.cpp">
      <Filter>Source Files</Filter>
    </ClCompile>
    <ClCompile Include="reflectcontrol.cpp">
      <Filter>Source Files</Filter>
    </ClCompile>
    <ClCompile Include="robot.cpp">
      <Filter>Source Files</Filter>
    </ClCompile>
    <ClCompile Include="settingDialog.cpp">
      <Filter>Source Files</Filter>
    </ClCompile>
    <ClCompile Include="summarizing.cpp">
      <Filter>Source Files</Filter>
    </ClCompile>
    <ClCompile Include="tvplot.cpp">
      <Filter>Source Files</Filter>
    </ClCompile>
    <ClCompile Include="Release\moc_glwidget.cpp">
      <Filter>Generated Files\Release</Filter>
    </ClCompile>
    <ClCompile Include="Debug\moc_glwidget.cpp">
      <Filter>Generated Files\Debug</Filter>
    </ClCompile>
    <ClCompile Include="Release\moc_halconclass.cpp">
      <Filter>Generated Files\Release</Filter>
    </ClCompile>
    <ClCompile Include="Debug\moc_halconclass.cpp">
      <Filter>Generated Files\Debug</Filter>
    </ClCompile>
    <ClCompile Include="Release\moc_mainwindow.cpp">
      <Filter>Generated Files\Release</Filter>
    </ClCompile>
    <ClCompile Include="Debug\moc_mainwindow.cpp">
      <Filter>Generated Files\Debug</Filter>
    </ClCompile>
    <ClCompile Include="Release\moc_msghandlerwapper.cpp">
      <Filter>Generated Files\Release</Filter>
    </ClCompile>
    <ClCompile Include="Debug\moc_msghandlerwapper.cpp">
      <Filter>Generated Files\Debug</Filter>
    </ClCompile>
    <ClCompile Include="Release\moc_plot.cpp">
      <Filter>Generated Files\Release</Filter>
    </ClCompile>
    <ClCompile Include="Debug\moc_plot.cpp">
      <Filter>Generated Files\Debug</Filter>
    </ClCompile>
    <ClCompile Include="Release\moc_pointanalyze.cpp">
      <Filter>Generated Files\Release</Filter>
    </ClCompile>
    <ClCompile Include="Debug\moc_pointanalyze.cpp">
      <Filter>Generated Files\Debug</Filter>
    </ClCompile>
    <ClCompile Include="Release\moc_profileget.cpp">
      <Filter>Generated Files\Release</Filter>
    </ClCompile>
    <ClCompile Include="Debug\moc_profileget.cpp">
      <Filter>Generated Files\Debug</Filter>
    </ClCompile>
    <ClCompile Include="Release\moc_record.cpp">
      <Filter>Generated Files\Release</Filter>
    </ClCompile>
    <ClCompile Include="Debug\moc_record.cpp">
      <Filter>Generated Files\Debug</Filter>
    </ClCompile>
    <ClCompile Include="Release\moc_reflectcontrol.cpp">
      <Filter>Generated Files\Release</Filter>
    </ClCompile>
    <ClCompile Include="Debug\moc_reflectcontrol.cpp">
      <Filter>Generated Files\Debug</Filter>
    </ClCompile>
    <ClCompile Include="Release\moc_robot.cpp">
      <Filter>Generated Files\Release</Filter>
    </ClCompile>
    <ClCompile Include="Debug\moc_robot.cpp">
      <Filter>Generated Files\Debug</Filter>
    </ClCompile>
    <ClCompile Include="Release\moc_settingDialog.cpp">
      <Filter>Generated Files\Release</Filter>
    </ClCompile>
    <ClCompile Include="Debug\moc_settingDialog.cpp">
      <Filter>Generated Files\Debug</Filter>
    </ClCompile>
    <ClCompile Include="Release\moc_summarizing.cpp">
      <Filter>Generated Files\Release</Filter>
    </ClCompile>
    <ClCompile Include="Debug\moc_summarizing.cpp">
      <Filter>Generated Files\Debug</Filter>
    </ClCompile>
    <ClCompile Include="Release\moc_tvplot.cpp">
      <Filter>Generated Files\Release</Filter>
    </ClCompile>
    <ClCompile Include="Debug\moc_tvplot.cpp">
      <Filter>Generated Files\Debug</Filter>
    </ClCompile>
    <ClCompile Include="GeneratedFiles\qrc_icons.cpp">
      <Filter>Generated Files</Filter>
    </ClCompile>
  </ItemGroup>
  <ItemGroup>
    <ClInclude Include="getProfiles\DllLoader.h">
      <Filter>Header Files</Filter>
    </ClInclude>
    <ClInclude Include="getProfiles\InterfaceLLT_2.h">
      <Filter>Header Files</Filter>
    </ClInclude>
    <ClInclude Include="pcl\PCL_Library_Dll.h">
      <Filter>Header Files</Filter>
    </ClInclude>
    <CustomBuild Include="glwidget.h">
      <Filter>Header Files</Filter>
    </CustomBuild>
    <CustomBuild Include="halconclass.h">
      <Filter>Header Files</Filter>
    </CustomBuild>
    <CustomBuild Include="mainwindow.h">
      <Filter>Header Files</Filter>
    </CustomBuild>
    <CustomBuild Include="msghandlerwapper.h">
      <Filter>Header Files</Filter>
    </CustomBuild>
    <CustomBuild Include="plot.h">
      <Filter>Header Files</Filter>
    </CustomBuild>
    <CustomBuild Include="pointanalyze.h">
      <Filter>Header Files</Filter>
    </CustomBuild>
    <CustomBuild Include="profileget.h">
      <Filter>Header Files</Filter>
    </CustomBuild>
    <CustomBuild Include="record.h">
      <Filter>Header Files</Filter>
    </CustomBuild>
    <CustomBuild Include="reflectcontrol.h">
      <Filter>Header Files</Filter>
    </CustomBuild>
    <ClInclude Include="getProfiles\resource.h">
      <Filter>Header Files</Filter>
    </ClInclude>
    <CustomBuild Include="robot.h">
      <Filter>Header Files</Filter>
    </CustomBuild>
    <ClInclude Include="getProfiles\scanControlDataTypes.h">
      <Filter>Header Files</Filter>
    </ClInclude>
    <CustomBuild Include="settingDialog.h">
      <Filter>Header Files</Filter>
    </CustomBuild>
    <ClInclude Include="settings.h">
      <Filter>Header Files</Filter>
    </ClInclude>
    <ClInclude Include="getProfiles\stdafx.h">
      <Filter>Header Files</Filter>
    </ClInclude>
    <CustomBuild Include="summarizing.h">
      <Filter>Header Files</Filter>
    </CustomBuild>
    <CustomBuild Include="tvplot.h">
      <Filter>Header Files</Filter>
    </CustomBuild>
    <ClInclude Include="GeneratedFiles\release\ui_data_analyze.h">
      <Filter>Generated Files</Filter>
    </ClInclude>
    <ClInclude Include="GeneratedFiles\release\ui_mainwindow.h">
      <Filter>Generated Files</Filter>
    </ClInclude>
    <ClInclude Include="GeneratedFiles\release\ui_pointanalyze.h">
      <Filter>Generated Files</Filter>
    </ClInclude>
    <ClInclude Include="GeneratedFiles\release\ui_settingDialog.h">
      <Filter>Generated Files</Filter>
    </ClInclude>
    <ClInclude Include="resource.h">
      <Filter>Generated Files</Filter>
    </ClInclude>
    <ClInclude Include="resource1.h">
      <Filter>Generated Files</Filter>
    </ClInclude>
  </ItemGroup>
  <ItemGroup>
    <CustomBuild Include="data_analyze.ui">
      <Filter>Form Files</Filter>
    </CustomBuild>
    <CustomBuild Include="mainwindow.ui">
      <Filter>Form Files</Filter>
    </CustomBuild>
    <CustomBuild Include="pointanalyze.ui">
      <Filter>Form Files</Filter>
    </CustomBuild>
    <CustomBuild Include="settingDialog.ui">
      <Filter>Form Files</Filter>
    </CustomBuild>
  </ItemGroup>
  <ItemGroup>
    <None Include="ico\add.png">
      <Filter>Resource Files</Filter>
    </None>
    <None Include="ico\bin.png">
      <Filter>Resource Files</Filter>
    </None>
    <None Include="icons\camera.png">
      <Filter>Resource Files</Filter>
    </None>
    <None Include="ico\cancel.png">
      <Filter>Resource Files</Filter>
    </None>
    <None Include="ico\chat_bubble.png">
      <Filter>Resource Files</Filter>
    </None>
    <None Include="ico\download.png">
      <Filter>Resource Files</Filter>
    </None>
    <None Include="ico\email.png">
      <Filter>Resource Files</Filter>
    </None>
    <None Include="ico\female_user.png">
      <Filter>Resource Files</Filter>
    </None>
    <None Include="ico\folder.png">
      <Filter>Resource Files</Filter>
    </None>
    <None Include="ico\graph.png">
      <Filter>Resource Files</Filter>
    </None>
    <None Include="ico\home.png">
      <Filter>Resource Files</Filter>
    </None>
    <None Include="icons\ic_3d_plot_mode.png">
      <Filter>Resource Files</Filter>
    </None>
    <None Include="icons\ic_abort_proc.png">
      <Filter>Resource Files</Filter>
    </None>
    <None Include="icons\ic_active.png">
      <Filter>Resource Files</Filter>
    </None>
    <None Include="icons\ic_apply_lines.png">
      <Filter>Resource Files</Filter>
    </None>
    <None Include="icons\ic_aspect_window.png">
      <Filter>Resource Files</Filter>
    </None>
    <None Include="icons\ic_aspect_zoom.png">
      <Filter>Resource Files</Filter>
    </None>
    <None Include="icons\ic_back.png">
      <Filter>Resource Files</Filter>
    </None>
    <None Include="icons\ic_bookmark.png">
      <Filter>Resource Files</Filter>
    </None>
    <None Include="icons\ic_breakpoint.png">
      <Filter>Resource Files</Filter>
    </None>
    <None Include="icons\ic_breakpoint_activate_all.png">
      <Filter>Resource Files</Filter>
    </None>
    <None Include="icons\ic_breakpoint_deactivate.png">
      <Filter>Resource Files</Filter>
    </None>
    <None Include="icons\ic_breakpoint_deactivate_all.png">
      <Filter>Resource Files</Filter>
    </None>
    <None Include="icons\ic_call_stack.png">
      <Filter>Resource Files</Filter>
    </None>
    <None Include="icons\ic_cascade_windows.png">
      <Filter>Resource Files</Filter>
    </None>
    <None Include="icons\ic_clean_up.png">
      <Filter>Resource Files</Filter>
    </None>
    <None Include="icons\ic_clear_all_bookmarks.png">
      <Filter>Resource Files</Filter>
    </None>
    <None Include="icons\ic_clear_all_breakpoints.png">
      <Filter>Resource Files</Filter>
    </None>
    <None Include="icons\ic_clear_bookmark.png">
      <Filter>Resource Files</Filter>
    </None>
    <None Include="icons\ic_clear_breakpoint.png">
      <Filter>Resource Files</Filter>
    </None>
    <None Include="icons\ic_clear_roi_all.png">
      <Filter>Resource Files</Filter>
    </None>
    <None Include="icons\ic_clear_roi_sel.png">
      <Filter>Resource Files</Filter>
    </None>
    <None Include="icons\ic_clear_window.png">
      <Filter>Resource Files</Filter>
    </None>
    <None Include="icons\ic_close.png">
      <Filter>Resource Files</Filter>
    </None>
    <None Include="icons\ic_copy.png">
      <Filter>Resource Files</Filter>
    </None>
    <None Include="icons\ic_cut.png">
      <Filter>Resource Files</Filter>
    </None>
    <None Include="icons\ic_deactive.png">
      <Filter>Resource Files</Filter>
    </None>
    <None Include="icons\ic_delete.png">
      <Filter>Resource Files</Filter>
    </None>
    <None Include="icons\ic_down.png">
      <Filter>Resource Files</Filter>
    </None>
    <None Include="icons\ic_event_cat_exception.png">
      <Filter>Resource Files</Filter>
    </None>
    <None Include="icons\ic_event_cat_exec_error.png">
      <Filter>Resource Files</Filter>
    </None>
    <None Include="icons\ic_event_cat_exec_info.png">
      <Filter>Resource Files</Filter>
    </None>
    <None Include="icons\ic_event_cat_exec_warning.png">
      <Filter>Resource Files</Filter>
    </None>
    <None Include="icons\ic_event_cat_file_info.png">
      <Filter>Resource Files</Filter>
    </None>
    <None Include="icons\ic_event_cat_file_warning.png">
      <Filter>Resource Files</Filter>
    </None>
    <None Include="icons\ic_event_cat_hlib_error.png">
      <Filter>Resource Files</Filter>
    </None>
    <None Include="icons\ic_event_cat_hlib_warning.png">
      <Filter>Resource Files</Filter>
    </None>
    <None Include="icons\ic_event_cat_procline_warning.png">
      <Filter>Resource Files</Filter>
    </None>
    <None Include="icons\ic_exit.png">
      <Filter>Resource Files</Filter>
    </None>
    <None Include="icons\ic_export.png">
      <Filter>Resource Files</Filter>
    </None>
    <None Include="icons\ic_find.png">
      <Filter>Resource Files</Filter>
    </None>
    <None Include="icons\ic_find_again.png">
      <Filter>Resource Files</Filter>
    </None>
    <None Include="icons\ic_forward.png">
      <Filter>Resource Files</Filter>
    </None>
    <None Include="icons\ic_gen_arbitrary_reg.png">
      <Filter>Resource Files</Filter>
    </None>
    <None Include="icons\ic_gen_circle.png">
      <Filter>Resource Files</Filter>
    </None>
    <None Include="icons\ic_gen_circular_arc.png">
      <Filter>Resource Files</Filter>
    </None>
    <None Include="icons\ic_gen_ellipse.png">
      <Filter>Resource Files</Filter>
    </None>
    <None Include="icons\ic_gen_elliptical_arc.png">
      <Filter>Resource Files</Filter>
    </None>
    <None Include="icons\ic_gen_line.png">
      <Filter>Resource Files</Filter>
    </None>
    <None Include="icons\ic_gen_nurbs.png">
      <Filter>Resource Files</Filter>
    </None>
    <None Include="icons\ic_gen_nurbs_interp.png">
      <Filter>Resource Files</Filter>
    </None>
    <None Include="icons\ic_gen_rect1.png">
      <Filter>Resource Files</Filter>
    </None>
    <None Include="icons\ic_gen_rect2.png">
      <Filter>Resource Files</Filter>
    </None>
    <None Include="icons\ic_generate_code.png">
      <Filter>Resource Files</Filter>
    </None>
    <None Include="icons\ic_hand.png">
      <Filter>Resource Files</Filter>
    </None>
    <None Include="icons\ic_help.png">
      <Filter>Resource Files</Filter>
    </None>
    <None Include="icons\ic_histo.png">
      <Filter>Resource Files</Filter>
    </None>
    <None Include="icons\ic_histo_standard_size.png">
      <Filter>Resource Files</Filter>
    </None>
    <None Include="icons\ic_histo_zoom_in.png">
      <Filter>Resource Files</Filter>
    </None>
    <None Include="icons\ic_home.png">
      <Filter>Resource Files</Filter>
    </None>
    <None Include="icons\ic_insert_operator.png">
      <Filter>Resource Files</Filter>
    </None>
    <None Include="icons\ic_light_off.png">
      <Filter>Resource Files</Filter>
    </None>
    <None Include="icons\ic_light_on.png">
      <Filter>Resource Files</Filter>
    </None>
    <None Include="icons\ic_line_profile.png">
      <Filter>Resource Files</Filter>
    </None>
    <None Include="icons\ic_lineal.png">
      <Filter>Resource Files</Filter>
    </None>
    <None Include="icons\ic_linear.png">
      <Filter>Resource Files</Filter>
    </None>
    <None Include="icons\ic_logarithmic.png">
      <Filter>Resource Files</Filter>
    </None>
    <None Include="icons\ic_magnify-glass.png">
      <Filter>Resource Files</Filter>
    </None>
    <None Include="icons\ic_net_connect.png">
      <Filter>Resource Files</Filter>
    </None>
    <None Include="icons\ic_net_param.png">
      <Filter>Resource Files</Filter>
    </None>
    <None Include="icons\ic_new.png">
      <Filter>Resource Files</Filter>
    </None>
    <None Include="icons\ic_online-zoom.png">
      <Filter>Resource Files</Filter>
    </None>
    <None Include="icons\ic_open_event_log_wnd.png">
      <Filter>Resource Files</Filter>
    </None>
    <None Include="icons\ic_open_example.png">
      <Filter>Resource Files</Filter>
    </None>
    <None Include="icons\ic_open_graphics_wnd.png">
      <Filter>Resource Files</Filter>
    </None>
    <None Include="icons\ic_open_new_tab.png">
      <Filter>Resource Files</Filter>
    </None>
    <None Include="icons\ic_open_operator_wnd.png">
      <Filter>Resource Files</Filter>
    </None>
    <None Include="icons\ic_open_prog.png">
      <Filter>Resource Files</Filter>
    </None>
    <None Include="icons\ic_open_prog_line_view.png">
      <Filter>Resource Files</Filter>
    </None>
    <None Include="icons\ic_open_prog_listing_wnd.png">
      <Filter>Resource Files</Filter>
    </None>
    <None Include="icons\ic_open_var_view_wnd.png">
      <Filter>Resource Files</Filter>
    </None>
    <None Include="icons\ic_organize_windows.png">
      <Filter>Resource Files</Filter>
    </None>
    <None Include="icons\ic_paste.png">
      <Filter>Resource Files</Filter>
    </None>
    <None Include="icons\ic_pref_ext_procs_16.png">
      <Filter>Resource Files</Filter>
    </None>
    <None Include="icons\ic_preferences.png">
      <Filter>Resource Files</Filter>
    </None>
    <None Include="icons\ic_print.png">
      <Filter>Resource Files</Filter>
    </None>
    <None Include="icons\ic_prog_auto_completion_on.png">
      <Filter>Resource Files</Filter>
    </None>
    <None Include="icons\ic_prog_edit_interface.png">
      <Filter>Resource Files</Filter>
    </None>
    <None Include="icons\ic_prog_enter_execute_on.png">
      <Filter>Resource Files</Filter>
    </None>
    <None Include="icons\ic_prog_mode_editor_on.png">
      <Filter>Resource Files</Filter>
    </None>
    <None Include="icons\ic_read_image.png">
      <Filter>Resource Files</Filter>
    </None>
    <None Include="icons\ic_redo.png">
      <Filter>Resource Files</Filter>
    </None>
    <None Include="icons\ic_reghisto.png">
      <Filter>Resource Files</Filter>
    </None>
    <None Include="icons\ic_region.png">
      <Filter>Resource Files</Filter>
    </None>
    <None Include="icons\ic_reset.png">
      <Filter>Resource Files</Filter>
    </None>
    <None Include="icons\ic_reset_horz.png">
      <Filter>Resource Files</Filter>
    </None>
    <None Include="icons\ic_reset_horz_vert.png">
      <Filter>Resource Files</Filter>
    </None>
    <None Include="icons\ic_reset_proc.png">
      <Filter>Resource Files</Filter>
    </None>
    <None Include="icons\ic_reset_vert.png">
      <Filter>Resource Files</Filter>
    </None>
    <None Include="icons\ic_roi_create.png">
      <Filter>Resource Files</Filter>
    </None>
    <None Include="icons\ic_roi_edit_reg.png">
      <Filter>Resource Files</Filter>
    </None>
    <None Include="icons\ic_roi_mode_path.png">
      <Filter>Resource Files</Filter>
    </None>
    <None Include="icons\ic_roi_mode_region.png">
      <Filter>Resource Files</Filter>
    </None>
    <None Include="icons\ic_roi_mode_xld.png">
      <Filter>Resource Files</Filter>
    </None>
    <None Include="icons\ic_roi_op_add_roi.png">
      <Filter>Resource Files</Filter>
    </None>
    <None Include="icons\ic_roi_op_complement.png">
      <Filter>Resource Files</Filter>
    </None>
    <None Include="icons\ic_roi_op_complement_off.png">
      <Filter>Resource Files</Filter>
    </None>
    <None Include="icons\ic_roi_op_difference.png">
      <Filter>Resource Files</Filter>
    </None>
    <None Include="icons\ic_roi_op_intersection.png">
      <Filter>Resource Files</Filter>
    </None>
    <None Include="icons\ic_roi_op_union.png">
      <Filter>Resource Files</Filter>
    </None>
    <None Include="icons\ic_roi_op_xor.png">
      <Filter>Resource Files</Filter>
    </None>
    <None Include="icons\ic_run.png">
      <Filter>Resource Files</Filter>
    </None>
    <None Include="icons\ic_run_to_insert_cursor.png">
      <Filter>Resource Files</Filter>
    </None>
    <None Include="icons\ic_save_all.png">
      <Filter>Resource Files</Filter>
    </None>
    <None Include="icons\ic_save_as.png">
      <Filter>Resource Files</Filter>
    </None>
    <None Include="icons\ic_save_proc_as.png">
      <Filter>Resource Files</Filter>
    </None>
    <None Include="icons\ic_save_prog.png">
      <Filter>Resource Files</Filter>
    </None>
    <None Include="icons\ic_select_arrow.png">
      <Filter>Resource Files</Filter>
    </None>
    <None Include="icons\ic_set.png">
      <Filter>Resource Files</Filter>
    </None>
    <None Include="icons\ic_size_minus.png">
      <Filter>Resource Files</Filter>
    </None>
    <None Include="icons\ic_size_plus.png">
      <Filter>Resource Files</Filter>
    </None>
    <None Include="icons\ic_step.png">
      <Filter>Resource Files</Filter>
    </None>
    <None Include="icons\ic_stepforward.png">
      <Filter>Resource Files</Filter>
    </None>
    <None Include="icons\ic_stepinto.png">
      <Filter>Resource Files</Filter>
    </None>
    <None Include="icons\ic_stepout.png">
      <Filter>Resource Files</Filter>
    </None>
    <None Include="icons\ic_stop.png">
      <Filter>Resource Files</Filter>
    </None>
    <None Include="icons\ic_undo.png">
      <Filter>Resource Files</Filter>
    </None>
    <None Include="icons\ic_up.png">
      <Filter>Resource Files</Filter>
    </None>
    <None Include="icons\ic_zoom_adjust_win_size.png">
      <Filter>Resource Files</Filter>
    </None>
    <None Include="icons\ic_zoom_in.png">
      <Filter>Resource Files</Filter>
    </None>
    <None Include="icons\ic_zoom_out.png">
      <Filter>Resource Files</Filter>
    </None>
    <None Include="ico\ico.png">
      <Filter>Resource Files</Filter>
    </None>
    <CustomBuild Include="ico\ico.qrc">
      <Filter>Resource Files</Filter>
    </CustomBuild>
    <CustomBuild Include="icons.qrc">
      <Filter>Resource Files</Filter>
    </CustomBuild>
    <None Include="ico\lock.png">
      <Filter>Resource Files</Filter>
    </None>
    <None Include="ico\magnifying_glass.png">
      <Filter>Resource Files</Filter>
    </None>
    <None Include="ico\minimize.png">
      <Filter>Resource Files</Filter>
    </None>
    <None Include="ico\pen.png">
      <Filter>Resource Files</Filter>
    </None>
    <None Include="ico\unlock.png">
      <Filter>Resource Files</Filter>
    </None>
    <None Include="ico\upload.png">
      <Filter>Resource Files</Filter>
    </None>
    <None Include="ico\user.png">
      <Filter>Resource Files</Filter>
    </None>
    <None Include="ico\user_female.png">
      <Filter>Resource Files</Filter>
    </None>
    <None Include="ico\users.png">
      <Filter>Resource Files</Filter>
    </None>
    <None Include="ico\video_play.png">
      <Filter>Resource Files</Filter>
    </None>
    <None Include="ico\ico.ico" />
  </ItemGroup>
  <ItemGroup>
    <ResourceCompile Include="ico.rc" />
  </ItemGroup>
</Project>